
Microsoft Visual Studio Solution File, Format Version 12.00
# Visual Studio Version 17
VisualStudioVersion = 17.3.32825.248
MinimumVisualStudioVersion = 10.0.40219.1
Project("{9A19103F-16F7-4668-BE54-9A1E7A4F7556}") = "Demo", "Demo\Demo.csproj", "{B2026F0F-4FBC-4383-B357-65A916DA09EC}"
EndProject
Project("{9A19103F-16F7-4668-BE54-9A1E7A4F7556}") = "P01_StudentSystem", "P01_StudentSystem\P01_StudentSystem.csproj", "{197CDCBE-6A00-4453-9762-5C606127821B}"
EndProject
Project("{FAE04EC0-301F-11D3-BF4B-00C04F79EFBC}") = "P02_FootballBetting", "P02_FootballBetting\P02_FootballBetting.csproj", "{94C3B810-58E4-4819-8740-E874100499C8}"
EndProject
Project("{FAE04EC0-301F-11D3-BF4B-00C04F79EFBC}") = "P02_FootballBetting.Data", "P02_FootballBetting.Data\P02_FootballBetting.Data.csproj", "{C16499DC-2CB8-46C8-AF58-2CADD18B5849}"
EndProject
Project("{FAE04EC0-301F-11D3-BF4B-00C04F79EFBC}") = "P02_FootballBetting.Data.Models", "P02_FootballBetting.Data.Models\P02_FootballBetting.Data.Models.csproj", "{428A5426-83B6-4A03-96A0-D20E41A1965C}"
EndProject
Project("{FAE04EC0-301F-11D3-BF4B-00C04F79EFBC}") = "P02_FootballBetting.Data.Common", "P02_FootballBetting.Data.Common\P02_FootballBetting.Data.Common.csproj", "{9A39E931-CDA8-49B6-9C6A-9CEF2C462075}"
EndProject
Global
	GlobalSection(SolutionConfigurationPlatforms) = preSolution
		Debug|Any CPU = Debug|Any CPU
		Release|Any CPU = Release|Any CPU
	EndGlobalSection
	GlobalSection(ProjectConfigurationPlatforms) = postSolution
		{B2026F0F-4FBC-4383-B357-65A916DA09EC}.Debug|Any CPU.ActiveCfg = Debug|Any CPU
		{B2026F0F-4FBC-4383-B357-65A916DA09EC}.Debug|Any CPU.Build.0 = Debug|Any CPU
		{B2026F0F-4FBC-4383-B357-65A916DA09EC}.Release|Any CPU.ActiveCfg = Release|Any CPU
		{B2026F0F-4FBC-4383-B357-65A916DA09EC}.Release|Any CPU.Build.0 = Release|Any CPU
		{197CDCBE-6A00-4453-9762-5C606127821B}.Debug|Any CPU.ActiveCfg = Debug|Any CPU
		{197CDCBE-6A00-4453-9762-5C606127821B}.Debug|Any CPU.Build.0 = Debug|Any CPU
		{197CDCBE-6A00-4453-9762-5C606127821B}.Release|Any CPU.ActiveCfg = Release|Any CPU
		{197CDCBE-6A00-4453-9762-5C606127821B}.Release|Any CPU.Build.0 = Release|Any CPU
		{94C3B810-58E4-4819-8740-E874100499C8}.Debug|Any CPU.ActiveCfg = Debug|Any CPU
		{94C3B810-58E4-4819-8740-E874100499C8}.Debug|Any CPU.Build.0 = Debug|Any CPU
		{94C3B810-58E4-4819-8740-E874100499C8}.Release|Any CPU.ActiveCfg = Release|Any CPU
		{94C3B810-58E4-4819-8740-E874100499C8}.Release|Any CPU.Build.0 = Release|Any CPU
		{C16499DC-2CB8-46C8-AF58-2CADD18B5849}.Debug|Any CPU.ActiveCfg = Debug|Any CPU
		{C16499DC-2CB8-46C8-AF58-2CADD18B5849}.Debug|Any CPU.Build.0 = Debug|Any CPU
		{C16499DC-2CB8-46C8-AF58-2CADD18B5849}.Release|Any CPU.ActiveCfg = Release|Any CPU
		{C16499DC-2CB8-46C8-AF58-2CADD18B5849}.Release|Any CPU.Build.0 = Release|Any CPU
		{428A5426-83B6-4A03-96A0-D20E41A1965C}.Debug|Any CPU.ActiveCfg = Debug|Any CPU
		{428A5426-83B6-4A03-96A0-D20E41A1965C}.Debug|Any CPU.Build.0 = Debug|Any CPU
		{428A5426-83B6-4A03-96A0-D20E41A1965C}.Release|Any CPU.ActiveCfg = Release|Any CPU
		{428A5426-83B6-4A03-96A0-D20E41A1965C}.Release|Any CPU.Build.0 = Release|Any CPU
		{9A39E931-CDA8-49B6-9C6A-9CEF2C462075}.Debug|Any CPU.ActiveCfg = Debug|Any CPU
		{9A39E931-CDA8-49B6-9C6A-9CEF2C462075}.Debug|Any CPU.Build.0 = Debug|Any CPU
		{9A39E931-CDA8-49B6-9C6A-9CEF2C462075}.Release|Any CPU.ActiveCfg = Release|Any CPU
		{9A39E931-CDA8-49B6-9C6A-9CEF2C462075}.Release|Any CPU.Build.0 = Release|Any CPU
	EndGlobalSection
	GlobalSection(SolutionProperties) = preSolution
		HideSolutionNode = FALSE
	EndGlobalSection
	GlobalSection(ExtensibilityGlobals) = postSolution
		SolutionGuid = {9A242A1C-E19E-416A-8F3D-C1C808FCBFAB}
	EndGlobalSection
EndGlobal
